
Microsoft Visual Studio Solution File, Format Version 12.00
# Visual Studio 15
VisualStudioVersion = 15.0.28307.1259
MinimumVisualStudioVersion = 10.0.40219.1
Project("{FAE04EC0-301F-11D3-BF4B-00C04F79EFBC}") = "Student", "Student\Student.csproj", "{A0BDF007-AD05-4E50-92E5-18B5D84E307A}"
EndProject
Global
	GlobalSection(SolutionConfigurationPlatforms) = preSolution
		Debug|Any CPU = Debug|Any CPU
		Release|Any CPU = Release|Any CPU
	EndGlobalSection
	GlobalSection(ProjectConfigurationPlatforms) = postSolution
		{A0BDF007-AD05-4E50-92E5-18B5D84E307A}.Debug|Any CPU.ActiveCfg = Debug|Any CPU
		{A0BDF007-AD05-4E50-92E5-18B5D84E307A}.Debug|Any CPU.Build.0 = Debug|Any CPU
		{A0BDF007-AD05-4E50-92E5-18B5D84E307A}.Release|Any CPU.ActiveCfg = Release|Any CPU
		{A0BDF007-AD05-4E50-92E5-18B5D84E307A}.Release|Any CPU.Build.0 = Release|Any CPU
	EndGlobalSection
	GlobalSection(SolutionProperties) = preSolution
		HideSolutionNode = FALSE
	EndGlobalSection
	GlobalSection(ExtensibilityGlobals) = postSolution
		SolutionGuid = {4527FC91-2642-4694-8E16-99643B5C3D77}
	EndGlobalSection
EndGlobal
